<?xml version="1.0" encoding="utf-8"?>
<Project ToolsVersion="4.0" xmlns="http://schemas.microsoft.com/developer/msbuild/2003">
  <ItemGroup>
    <Filter Include="Source Files">
      <UniqueIdentifier>{4FC737F1-C7A5-4376-A066-2A32D752A2FF}</UniqueIdentifier>
      <Extensions>qml;cpp;c;cc;cxx;def;odl;idl;hpj;bat;asm;asmx</Extensions>
    </Filter>
    <Filter Include="Header Files">
      <UniqueIdentifier>{93995380-89BD-4b04-88EB-625FBE52EBFB}</UniqueIdentifier>
      <Extensions>h;hh;hpp;hxx;hm;inl;inc;xsd</Extensions>
    </Filter>
    <Filter Include="Resource Files">
      <UniqueIdentifier>{67DA6AB6-F800-4c08-8B7A-83BB121AAD01}</UniqueIdentifier>
      <Extensions>qrc;rc;ico;cur;bmp;dlg;rc2;rct;bin;rgs;gif;jpg;jpeg;jpe;resx;tiff;tif;png;wav;mfcribbon-ms</Extensions>
    </Filter>
    <Filter Include="Form Files">
      <UniqueIdentifier>{99349809-55BA-4b9d-BF79-8FDBB0286EB3}</UniqueIdentifier>
      <Extensions>ui</Extensions>
    </Filter>
    <Filter Include="Translation Files">
      <UniqueIdentifier>{639EADAA-A684-42e4-A9AD-28FC9BCB8F7C}</UniqueIdentifier>
      <Extensions>ts</Extensions>
    </Filter>
    <Filter Include="SecureComm">
      <UniqueIdentifier>{f6860352-f4bd-4b80-a449-068d59165758}</UniqueIdentifier>
    </Filter>
    <Filter Include="SecureComm\src">
      <UniqueIdentifier>{615754c1-4264-44cb-9fa6-ed0f607063c7}</UniqueIdentifier>
    </Filter>
    <Filter Include="SecureComm\src\ui">
      <UniqueIdentifier>{4bccf852-2486-4da3-9923-37a483bcca38}</UniqueIdentifier>
    </Filter>
    <Filter Include="SecureComm\src\client">
      <UniqueIdentifier>{227346d0-3f5b-425b-9e61-a9515fae8bf8}</UniqueIdentifier>
    </Filter>
    <Filter Include="SecureComm\include">
      <UniqueIdentifier>{daead165-a589-4b60-8342-e39922e92b70}</UniqueIdentifier>
    </Filter>
    <Filter Include="SecureComm\resources">
      <UniqueIdentifier>{c09ba0a4-99ab-42c2-85d8-67545da23261}</UniqueIdentifier>
    </Filter>
    <Filter Include="SecureComm\Generated Files">
      <UniqueIdentifier>{53381913-c4d6-4bde-aeae-449cd2810b2b}</UniqueIdentifier>
    </Filter>
    <Filter Include="SecureComm\src\client\core">
      <UniqueIdentifier>{64a8b9bf-b51f-49f6-952f-c1e903325dbd}</UniqueIdentifier>
    </Filter>
    <Filter Include="SecureComm\src\client\core\crypto">
      <UniqueIdentifier>{202353c2-d481-4fb2-b43b-f8c3ece93393}</UniqueIdentifier>
    </Filter>
  </ItemGroup>
  <ItemGroup>
    <QtRcc Include="SecureComm.qrc">
      <Filter>Resource Files</Filter>
    </QtRcc>
    <QtRcc Include="resources\resources.qrc">
      <Filter>SecureComm\resources</Filter>
    </QtRcc>
    <QtRcc Include="resources\resources.qrc">
      <Filter>SecureComm\resources</Filter>
    </QtRcc>
  </ItemGroup>
  <ItemGroup>
    <ClCompile Include="src\ui\ChatWindow.cpp">
      <Filter>SecureComm\src\ui</Filter>
    </ClCompile>
    <ClCompile Include="src\core\crypto\MessageEncryption.cpp">
      <Filter>SecureComm\src\client\core\crypto</Filter>
    </ClCompile>
    <ClCompile Include="src\client\main.cpp">
      <Filter>SecureComm\src\client\core</Filter>
    </ClCompile>
  </ItemGroup>
  <ItemGroup>
    <ClInclude Include="include\CommonDefines.h">
      <Filter>SecureComm\include</Filter>
    </ClInclude>
    <ClInclude Include="include\Config.h">
      <Filter>SecureComm\include</Filter>
    </ClInclude>
    <ClInclude Include="src\core\crypto\MessageEncryption.h">
      <Filter>SecureComm\src\client\core\crypto</Filter>
    </ClInclude>
  </ItemGroup>
  <ItemGroup>
    <None Include="resources\styles.qss">
      <Filter>SecureComm\resources</Filter>
    </None>
  </ItemGroup>
  <ItemGroup>
    <QtMoc Include="src\ui\ChatWindow.h">
      <Filter>SecureComm\src\ui</Filter>
    </QtMoc>
  </ItemGroup>
</Project>